{
  "name": "mc-byoksample",
  "version": "0.0.1",
  "lockfileVersion": 1,
  "requires": true,
  "dependencies": {
    "graphene-pk11": {
      "version": "2.1.3",
      "resolved": "https://registry.npmjs.org/graphene-pk11/-/graphene-pk11-2.1.3.tgz",
      "integrity": "sha512-5wzJaYEOYniUKRNVQWH0d2swaRRygvOdaUBg6AQ5twR0Pk8FwXF5oFmeWdRlyC6+ekBDqLoyWyWdgs9kmoVLkw==",
      "requires": {
        "int64-buffer": "^0.99.1007",
        "pkcs11js": "^1.0.18",
        "tslib": "^1.10.0"
      }
    },
    "int64-buffer": {
      "version": "0.99.1007",
      "resolved": "https://registry.npmjs.org/int64-buffer/-/int64-buffer-0.99.1007.tgz",
      "integrity": "sha512-XDBEu44oSTqlvCSiOZ/0FoUkpWu/vwjJLGSKDabNISPQNZ5wub1FodGHBljRsrR0IXRPq7SslshZYMuA55CgTQ=="
    },
    "nan": {
      "version": "2.14.0",
      "resolved": "https://registry.npmjs.org/nan/-/nan-2.14.0.tgz",
      "integrity": "sha512-INOFj37C7k3AfaNTtX8RhsTw7qRy7eLET14cROi9+5HAVbbHuIWUHEauBv5qT4Av2tWasiTY1Jw6puUNqRJXQg=="
    },
    "node-forge": {
      "version": "0.10.0",
      "resolved": "https://registry.npmjs.org/node-forge/-/node-forge-0.10.0.tgz",
      "integrity": "sha512-PPmu8eEeG9saEUvI97fm4OYxXVB6bFvyNTyiUOBichBpFG8A1Ljw3bY62+5oOjDEMHRnd0Y7HQ+x7uzxOzC6JA=="
    },
    "package-lock.json": {
      "version": "1.0.0",
      "resolved": "https://registry.npmjs.org/package-lock.json/-/package-lock.json-1.0.0.tgz",
      "integrity": "sha512-+yEXtNdlCs5N0Zy/9uvkifgf/RqnGu0WqP4j9Wu1Us4YReFe1YNBh2Krmf8B1xGxjpYnta63K55QP8bkafnOzA=="
    },
    "pkcs11js": {
      "version": "1.0.19",
      "resolved": "https://registry.npmjs.org/pkcs11js/-/pkcs11js-1.0.19.tgz",
      "integrity": "sha512-BThNeWreqDXbMAZOTtG8PodY4WAS0HNHsXtsVbDBX4L4C58AvxIIXjjZrsBadXUagbjTllmZwsZHkebVUTpwcA==",
      "requires": {
        "nan": "^2.14.0"
      }
    },
    "tslib": {
      "version": "1.10.0",
      "resolved": "https://registry.npmjs.org/tslib/-/tslib-1.10.0.tgz",
      "integrity": "sha512-qOebF53frne81cf0S9B41ByenJ3/IuH8yJKngAX35CmiZySA0khhkovshKK+jGCaMnVomla7gVlIcc3EvKPbTQ=="
    }
  }
}
